Microsoft Visual Studio Solution File, Format Version 12.00
# Visual Studio Version 17
VisualStudioVersion = 17.0.31903.59
MinimumVisualStudioVersion = 10.0.40219.1
Project("{FAE04EC0-301F-11D3-BF4B-00C04F79EFBC}") = "RunStats", "src\RunStats\RunStats.csproj", "{0D8C7236-39D6-4C39-A341-1A9AA2E6CFAF}"
EndProject
Project("{FAE04EC0-301F-11D3-BF4B-00C04F79EFBC}") = "RunStats.Tests", "tests\RunStats.Tests\RunStats.Tests.csproj", "{E5F35542-F348-43B4-9B0C-6D594A278497}"
EndProject
Global
	GlobalSection(SolutionConfigurationPlatforms) = preSolution
		Debug|Any CPU = Debug|Any CPU
		Release|Any CPU = Release|Any CPU
	EndGlobalSection
	GlobalSection(ProjectConfigurationPlatforms) = postSolution
		{0D8C7236-39D6-4C39-A341-1A9AA2E6CFAF}.Debug|Any CPU.ActiveCfg = Debug|Any CPU
		{0D8C7236-39D6-4C39-A341-1A9AA2E6CFAF}.Debug|Any CPU.Build.0 = Debug|Any CPU
		{0D8C7236-39D6-4C39-A341-1A9AA2E6CFAF}.Release|Any CPU.ActiveCfg = Release|Any CPU
		{0D8C7236-39D6-4C39-A341-1A9AA2E6CFAF}.Release|Any CPU.Build.0 = Release|Any CPU
		{E5F35542-F348-43B4-9B0C-6D594A278497}.Debug|Any CPU.ActiveCfg = Debug|Any CPU
		{E5F35542-F348-43B4-9B0C-6D594A278497}.Debug|Any CPU.Build.0 = Debug|Any CPU
		{E5F35542-F348-43B4-9B0C-6D594A278497}.Release|Any CPU.ActiveCfg = Release|Any CPU
		{E5F35542-F348-43B4-9B0C-6D594A278497}.Release|Any CPU.Build.0 = Release|Any CPU
	EndGlobalSection
EndGlobal
